schema: '2.0'
stages:
  data_preprocessing:
    cmd: python src/data/data_preprocessing.py
    deps:
    - path: data/raw
      hash: md5
      md5: 0fa43c43c2d5c37ba1d00004389b0418.dir
      size: 73610151
      nfiles: 2
    - path: src/data/data_preprocessing.py
      hash: md5
      md5: c1865641f1e80e82404e4839aa879aa4
      size: 3767
    outs:
    - path: data/processed
      hash: md5
      md5: 3d0f3e8199f1dbe8adf5c60c0e2c5147.dir
      size: 7289727
      nfiles: 1
  model training:
    cmd: python src/models/train_model.py
    deps:
    - path: data/processed
      hash: md5
      md5: 3d0f3e8199f1dbe8adf5c60c0e2c5147.dir
      size: 7289727
      nfiles: 1
    - path: src/models/train_model.py
      hash: md5
      md5: c9b5e13c264bf5a55037ed6e649c91c1
      size: 4950
    outs:
    - path: models
      hash: md5
      md5: 047509af7e34f42b32a16187747b3c59.dir
      size: 65326537
      nfiles: 3
