schema: '2.0'
stages:
  data_preprocessing:
    cmd: python src/data/data_preprocessing.py
    deps:
    - path: data/raw/all_season_details.csv
      hash: md5
      md5: a0ec24a06b373d80168f529f96878578
      size: 73610151
    - path: src/data/data_preprocessing.py
      hash: md5
      md5: c1865641f1e80e82404e4839aa879aa4
      size: 3767
    outs:
    - path: data/processed
      hash: md5
      md5: 3d0f3e8199f1dbe8adf5c60c0e2c5147.dir
      size: 7289727
      nfiles: 1
  model training:
    cmd: python src/models/train_model.py
    deps:
    - path: data/processed
      hash: md5
      md5: 3d0f3e8199f1dbe8adf5c60c0e2c5147.dir
      size: 7289727
      nfiles: 1
    - path: src/models/train_model.py
      hash: md5
      md5: 00f49814c64d8031390c87d3bb0d2b46
      size: 4901
    outs:
    - path: models
      hash: md5
      md5: 8c17ac75c27733273fc081c52aba6f73.dir
      size: 568051541
      nfiles: 3
